
Microsoft Visual Studio Solution File, Format Version 12.00
# Visual Studio Version 17
VisualStudioVersion = 17.4.33213.308
MinimumVisualStudioVersion = 10.0.40219.1
Project("{FAE04EC0-301F-11D3-BF4B-00C04F79EFBC}") = "ObjektorienteradAnalysOchDesignAssignment", "ObjektorienteradAnalysOchDesignAssignment\ObjektorienteradAnalysOchDesignAssignment.csproj", "{20C682D3-3C15-43DD-9669-C8E1048BA949}"
EndProject
Project("{FAE04EC0-301F-11D3-BF4B-00C04F79EFBC}") = "ClassLibrary_Assignment", "ClassLibrary_Assignment\ClassLibrary_Assignment.csproj", "{34A6E678-AD81-453F-AE53-0100AF83846C}"
EndProject
Global
	GlobalSection(SolutionConfigurationPlatforms) = preSolution
		Debug|Any CPU = Debug|Any CPU
		Release|Any CPU = Release|Any CPU
	EndGlobalSection
	GlobalSection(ProjectConfigurationPlatforms) = postSolution
		{20C682D3-3C15-43DD-9669-C8E1048BA949}.Debug|Any CPU.ActiveCfg = Debug|Any CPU
		{20C682D3-3C15-43DD-9669-C8E1048BA949}.Debug|Any CPU.Build.0 = Debug|Any CPU
		{20C682D3-3C15-43DD-9669-C8E1048BA949}.Release|Any CPU.ActiveCfg = Release|Any CPU
		{20C682D3-3C15-43DD-9669-C8E1048BA949}.Release|Any CPU.Build.0 = Release|Any CPU
		{34A6E678-AD81-453F-AE53-0100AF83846C}.Debug|Any CPU.ActiveCfg = Debug|Any CPU
		{34A6E678-AD81-453F-AE53-0100AF83846C}.Debug|Any CPU.Build.0 = Debug|Any CPU
		{34A6E678-AD81-453F-AE53-0100AF83846C}.Release|Any CPU.ActiveCfg = Release|Any CPU
		{34A6E678-AD81-453F-AE53-0100AF83846C}.Release|Any CPU.Build.0 = Release|Any CPU
	EndGlobalSection
	GlobalSection(SolutionProperties) = preSolution
		HideSolutionNode = FALSE
	EndGlobalSection
	GlobalSection(ExtensibilityGlobals) = postSolution
		SolutionGuid = {75E24006-EA08-4081-8C47-6C1DC4F53B3D}
	EndGlobalSection
EndGlobal
